
Microsoft Visual Studio Solution File, Format Version 12.00
# Visual Studio Version 16
VisualStudioVersion = 16.0.32929.386
MinimumVisualStudioVersion = 10.0.40219.1
Project("{FAE04EC0-301F-11D3-BF4B-00C04F79EFBC}") = "SQLDataSetADO", "SQLDataSetADO.csproj", "{AC99B1CF-B9FD-482D-AD39-9EDADED4CB3F}"
EndProject
Global
	GlobalSection(SolutionConfigurationPlatforms) = preSolution
		Debug|Any CPU = Debug|Any CPU
		Release|Any CPU = Release|Any CPU
	EndGlobalSection
	GlobalSection(ProjectConfigurationPlatforms) = postSolution
		{AC99B1CF-B9FD-482D-AD39-9EDADED4CB3F}.Debug|Any CPU.ActiveCfg = Debug|Any CPU
		{AC99B1CF-B9FD-482D-AD39-9EDADED4CB3F}.Debug|Any CPU.Build.0 = Debug|Any CPU
		{AC99B1CF-B9FD-482D-AD39-9EDADED4CB3F}.Release|Any CPU.ActiveCfg = Release|Any CPU
		{AC99B1CF-B9FD-482D-AD39-9EDADED4CB3F}.Release|Any CPU.Build.0 = Release|Any CPU
	EndGlobalSection
	GlobalSection(SolutionProperties) = preSolution
		HideSolutionNode = FALSE
	EndGlobalSection
	GlobalSection(ExtensibilityGlobals) = postSolution
		SolutionGuid = {EAE8EBBA-110C-4E97-971E-E2B616119238}
	EndGlobalSection
EndGlobal
